// !$*UTF8*$!
{
	archiveVersion = 1;
	classes = {
	};
	objectVersion = 56;
	objects = {

/* Begin PBXBuildFile section */
		D5223B382A74F88800BF82E0 /* ScrumdingerApp.swift in Sources */ = {isa = PBXBuildFile; fileRef = D5223B372A74F88800BF82E0 /* ScrumdingerApp.swift */; };
		D5223B3A2A74F88800BF82E0 /* MeetingView.swift in Sources */ = {isa = PBXBuildFile; fileRef = D5223B392A74F88800BF82E0 /* MeetingView.swift */; };
		D5223B3C2A74F88A00BF82E0 /* Assets.xcassets in Resources */ = {isa = PBXBuildFile; fileRef = D5223B3B2A74F88A00BF82E0 /* Assets.xcassets */; };
		D5223B3F2A74F88A00BF82E0 /* Preview Assets.xcassets in Resources */ = {isa = PBXBuildFile; fileRef = D5223B3E2A74F88A00BF82E0 /* Preview Assets.xcassets */; };
		D5223B472A75109100BF82E0 /* Theme.swift in Sources */ = {isa = PBXBuildFile; fileRef = D5223B462A75109100BF82E0 /* Theme.swift */; };
		D5223B492A75123200BF82E0 /* DailyScrum.swift in Sources */ = {isa = PBXBuildFile; fileRef = D5223B482A75123200BF82E0 /* DailyScrum.swift */; };
		D5223B4B2A75135200BF82E0 /* CardView.swift in Sources */ = {isa = PBXBuildFile; fileRef = D5223B4A2A75135200BF82E0 /* CardView.swift */; };
		D5223B4D2A75253D00BF82E0 /* TrailingIconLabelStyle.swift in Sources */ = {isa = PBXBuildFile; fileRef = D5223B4C2A75253D00BF82E0 /* TrailingIconLabelStyle.swift */; };
		D5223B4F2A752C4E00BF82E0 /* ScrumsView.swift in Sources */ = {isa = PBXBuildFile; fileRef = D5223B4E2A752C4E00BF82E0 /* ScrumsView.swift */; };
		D5223B512A761FA200BF82E0 /* DetailView.swift in Sources */ = {isa = PBXBuildFile; fileRef = D5223B502A761FA200BF82E0 /* DetailView.swift */; };
		D5223B532A764BB400BF82E0 /* DetailEditView.swift in Sources */ = {isa = PBXBuildFile; fileRef = D5223B522A764BB400BF82E0 /* DetailEditView.swift */; };
		D5223B572A7677D000BF82E0 /* ThemeView.swift in Sources */ = {isa = PBXBuildFile; fileRef = D5223B562A7677D000BF82E0 /* ThemeView.swift */; };
		D5223B592A7679E600BF82E0 /* ThemePicker.swift in Sources */ = {isa = PBXBuildFile; fileRef = D5223B582A7679E600BF82E0 /* ThemePicker.swift */; };
		D5753DAC2A7768DD006D4091 /* AVPlayer+Ding.swift in Sources */ = {isa = PBXBuildFile; fileRef = D5753DAB2A7768DD006D4091 /* AVPlayer+Ding.swift */; };
		D5753DAF2A776AF1006D4091 /* ding.wav in Resources */ = {isa = PBXBuildFile; fileRef = D5753DAE2A776AF1006D4091 /* ding.wav */; };
		D5753DB12A776B49006D4091 /* ScrumTimer.swift in Sources */ = {isa = PBXBuildFile; fileRef = D5753DB02A776B49006D4091 /* ScrumTimer.swift */; };
		D5753DB32A776B9B006D4091 /* ScrumProgressViewStyle.swift in Sources */ = {isa = PBXBuildFile; fileRef = D5753DB22A776B9B006D4091 /* ScrumProgressViewStyle.swift */; };
/* End PBXBuildFile section */

/* Begin PBXFileReference section */
		D5223B342A74F88800BF82E0 /* Scrumdinger.app */ = {isa = PBXFileReference; explicitFileType = wrapper.application; includeInIndex = 0; path = Scrumdinger.app; sourceTree = BUILT_PRODUCTS_DIR; };
		D5223B372A74F88800BF82E0 /* ScrumdingerApp.swift */ = {isa = PBXFileReference; lastKnownFileType = sourcecode.swift; path = ScrumdingerApp.swift; sourceTree = "<group>"; };
		D5223B392A74F88800BF82E0 /* MeetingView.swift */ = {isa = PBXFileReference; lastKnownFileType = sourcecode.swift; path = MeetingView.swift; sourceTree = "<group>"; };
		D5223B3B2A74F88A00BF82E0 /* Assets.xcassets */ = {isa = PBXFileReference; lastKnownFileType = folder.assetcatalog; path = Assets.xcassets; sourceTree = "<group>"; };
		D5223B3E2A74F88A00BF82E0 /* Preview Assets.xcassets */ = {isa = PBXFileReference; lastKnownFileType = folder.assetcatalog; path = "Preview Assets.xcassets"; sourceTree = "<group>"; };
		D5223B462A75109100BF82E0 /* Theme.swift */ = {isa = PBXFileReference; lastKnownFileType = sourcecode.swift; path = Theme.swift; sourceTree = "<group>"; };
		D5223B482A75123200BF82E0 /* DailyScrum.swift */ = {isa = PBXFileReference; lastKnownFileType = sourcecode.swift; path = DailyScrum.swift; sourceTree = "<group>"; };
		D5223B4A2A75135200BF82E0 /* CardView.swift */ = {isa = PBXFileReference; lastKnownFileType = sourcecode.swift; path = CardView.swift; sourceTree = "<group>"; };
		D5223B4C2A75253D00BF82E0 /* TrailingIconLabelStyle.swift */ = {isa = PBXFileReference; lastKnownFileType = sourcecode.swift; path = TrailingIconLabelStyle.swift; sourceTree = "<group>"; };
		D5223B4E2A752C4E00BF82E0 /* ScrumsView.swift */ = {isa = PBXFileReference; lastKnownFileType = sourcecode.swift; path = ScrumsView.swift; sourceTree = "<group>"; };
		D5223B502A761FA200BF82E0 /* DetailView.swift */ = {isa = PBXFileReference; lastKnownFileType = sourcecode.swift; path = DetailView.swift; sourceTree = "<group>"; };
		D5223B522A764BB400BF82E0 /* DetailEditView.swift */ = {isa = PBXFileReference; lastKnownFileType = sourcecode.swift; path = DetailEditView.swift; sourceTree = "<group>"; };
		D5223B562A7677D000BF82E0 /* ThemeView.swift */ = {isa = PBXFileReference; lastKnownFileType = sourcecode.swift; path = ThemeView.swift; sourceTree = "<group>"; };
		D5223B582A7679E600BF82E0 /* ThemePicker.swift */ = {isa = PBXFileReference; lastKnownFileType = sourcecode.swift; path = ThemePicker.swift; sourceTree = "<group>"; };
		D5753DAB2A7768DD006D4091 /* AVPlayer+Ding.swift */ = {isa = PBXFileReference; lastKnownFileType = sourcecode.swift; path = "AVPlayer+Ding.swift"; sourceTree = "<group>"; };
		D5753DAE2A776AF1006D4091 /* ding.wav */ = {isa = PBXFileReference; lastKnownFileType = audio.wav; path = ding.wav; sourceTree = "<group>"; };
		D5753DB02A776B49006D4091 /* ScrumTimer.swift */ = {isa = PBXFileReference; lastKnownFileType = sourcecode.swift; path = ScrumTimer.swift; sourceTree = "<group>"; };
		D5753DB22A776B9B006D4091 /* ScrumProgressViewStyle.swift */ = {isa = PBXFileReference; lastKnownFileType = sourcecode.swift; path = ScrumProgressViewStyle.swift; sourceTree = "<group>"; };
/* End PBXFileReference section */

/* Begin PBXFrameworksBuildPhase section */
		D5223B312A74F88800BF82E0 /* Frameworks */ = {
			isa = PBXFrameworksBuildPhase;
			buildActionMask = 2147483647;
			files = (
			);
			runOnlyForDeploymentPostprocessing = 0;
		};
/* End PBXFrameworksBuildPhase section */

/* Begin PBXGroup section */
		D5223B2B2A74F88800BF82E0 = {
			isa = PBXGroup;
			children = (
				D5223B362A74F88800BF82E0 /* Scrumdinger */,
				D5223B352A74F88800BF82E0 /* Products */,
			);
			sourceTree = "<group>";
		};
		D5223B352A74F88800BF82E0 /* Products */ = {
			isa = PBXGroup;
			children = (
				D5223B342A74F88800BF82E0 /* Scrumdinger.app */,
			);
			name = Products;
			sourceTree = "<group>";
		};
		D5223B362A74F88800BF82E0 /* Scrumdinger */ = {
			isa = PBXGroup;
			children = (
				D5223B372A74F88800BF82E0 /* ScrumdingerApp.swift */,
				D5223B452A75099300BF82E0 /* Models */,
				D5223B542A764E3500BF82E0 /* Views */,
				D5753DAD2A776A06006D4091 /* Resources */,
				D5223B552A764E5600BF82E0 /* Helper */,
				D5223B3B2A74F88A00BF82E0 /* Assets.xcassets */,
				D5223B3D2A74F88A00BF82E0 /* Preview Content */,
			);
			path = Scrumdinger;
			sourceTree = "<group>";
		};
		D5223B3D2A74F88A00BF82E0 /* Preview Content */ = {
			isa = PBXGroup;
			children = (
				D5223B3E2A74F88A00BF82E0 /* Preview Assets.xcassets */,
			);
			path = "Preview Content";
			sourceTree = "<group>";
		};
		D5223B452A75099300BF82E0 /* Models */ = {
			isa = PBXGroup;
			children = (
				D5753DAB2A7768DD006D4091 /* AVPlayer+Ding.swift */,
				D5223B462A75109100BF82E0 /* Theme.swift */,
				D5753DB02A776B49006D4091 /* ScrumTimer.swift */,
				D5223B482A75123200BF82E0 /* DailyScrum.swift */,
			);
			path = Models;
			sourceTree = "<group>";
		};
		D5223B542A764E3500BF82E0 /* Views */ = {
			isa = PBXGroup;
			children = (
				D5223B4E2A752C4E00BF82E0 /* ScrumsView.swift */,
				D5223B392A74F88800BF82E0 /* MeetingView.swift */,
				D5223B502A761FA200BF82E0 /* DetailView.swift */,
				D5223B522A764BB400BF82E0 /* DetailEditView.swift */,
				D5223B562A7677D000BF82E0 /* ThemeView.swift */,
				D5223B582A7679E600BF82E0 /* ThemePicker.swift */,
				D5223B4A2A75135200BF82E0 /* CardView.swift */,
			);
			path = Views;
			sourceTree = "<group>";
		};
		D5223B552A764E5600BF82E0 /* Helper */ = {
			isa = PBXGroup;
			children = (
				D5223B4C2A75253D00BF82E0 /* TrailingIconLabelStyle.swift */,
				D5753DB22A776B9B006D4091 /* ScrumProgressViewStyle.swift */,
			);
			path = Helper;
			sourceTree = "<group>";
		};
		D5753DAD2A776A06006D4091 /* Resources */ = {
			isa = PBXGroup;
			children = (
				D5753DAE2A776AF1006D4091 /* ding.wav */,
			);
			path = Resources;
			sourceTree = "<group>";
		};
/* End PBXGroup section */

/* Begin PBXNativeTarget section */
		D5223B332A74F88800BF82E0 /* Scrumdinger */ = {
			isa = PBXNativeTarget;
			buildConfigurationList = D5223B422A74F88A00BF82E0 /* Build configuration list for PBXNativeTarget "Scrumdinger" */;
			buildPhases = (
				D5223B302A74F88800BF82E0 /* Sources */,
				D5223B312A74F88800BF82E0 /* Frameworks */,
				D5223B322A74F88800BF82E0 /* Resources */,
			);
			buildRules = (
			);
			dependencies = (
			);
			name = Scrumdinger;
			productName = Scrumdinger;
			productReference = D5223B342A74F88800BF82E0 /* Scrumdinger.app */;
			productType = "com.apple.product-type.application";
		};
/* End PBXNativeTarget section */

/* Begin PBXProject section */
		D5223B2C2A74F88800BF82E0 /* Project object */ = {
			isa = PBXProject;
			attributes = {
				BuildIndependentTargetsInParallel = 1;
				LastSwiftUpdateCheck = 1430;
				LastUpgradeCheck = 1430;
				TargetAttributes = {
					D5223B332A74F88800BF82E0 = {
						CreatedOnToolsVersion = 14.3.1;
					};
				};
			};
			buildConfigurationList = D5223B2F2A74F88800BF82E0 /* Build configuration list for PBXProject "Scrumdinger" */;
			compatibilityVersion = "Xcode 14.0";
			developmentRegion = en;
			hasScannedForEncodings = 0;
			knownRegions = (
				en,
				Base,
			);
			mainGroup = D5223B2B2A74F88800BF82E0;
			productRefGroup = D5223B352A74F88800BF82E0 /* Products */;
			projectDirPath = "";
			projectRoot = "";
			targets = (
				D5223B332A74F88800BF82E0 /* Scrumdinger */,
			);
		};
/* End PBXProject section */

/* Begin PBXResourcesBuildPhase section */
		D5223B322A74F88800BF82E0 /* Resources */ = {
			isa = PBXResourcesBuildPhase;
			buildActionMask = 2147483647;
			files = (
				D5753DAF2A776AF1006D4091 /* ding.wav in Resources */,
				D5223B3F2A74F88A00BF82E0 /* Preview Assets.xcassets in Resources */,
				D5223B3C2A74F88A00BF82E0 /* Assets.xcassets in Resources */,
			);
			runOnlyForDeploymentPostprocessing = 0;
		};
/* End PBXResourcesBuildPhase section */

/* Begin PBXSourcesBuildPhase section */
		D5223B302A74F88800BF82E0 /* Sources */ = {
			isa = PBXSourcesBuildPhase;
			buildActionMask = 2147483647;
			files = (
				D5223B592A7679E600BF82E0 /* ThemePicker.swift in Sources */,
				D5223B492A75123200BF82E0 /* DailyScrum.swift in Sources */,
				D5753DB32A776B9B006D4091 /* ScrumProgressViewStyle.swift in Sources */,
				D5223B512A761FA200BF82E0 /* DetailView.swift in Sources */,
				D5223B532A764BB400BF82E0 /* DetailEditView.swift in Sources */,
				D5223B4D2A75253D00BF82E0 /* TrailingIconLabelStyle.swift in Sources */,
				D5223B472A75109100BF82E0 /* Theme.swift in Sources */,
				D5223B4F2A752C4E00BF82E0 /* ScrumsView.swift in Sources */,
				D5753DAC2A7768DD006D4091 /* AVPlayer+Ding.swift in Sources */,
				D5223B3A2A74F88800BF82E0 /* MeetingView.swift in Sources */,
				D5223B382A74F88800BF82E0 /* ScrumdingerApp.swift in Sources */,
				D5223B572A7677D000BF82E0 /* ThemeView.swift in Sources */,
				D5223B4B2A75135200BF82E0 /* CardView.swift in Sources */,
				D5753DB12A776B49006D4091 /* ScrumTimer.swift in Sources */,
			);
			runOnlyForDeploymentPostprocessing = 0;
		};
/* End PBXSourcesBuildPhase section */

/* Begin XCBuildConfiguration section */
		D5223B402A74F88A00BF82E0 /* Debug */ = {
			isa = XCBuildConfiguration;
			buildSettings = {
				ALWAYS_SEARCH_USER_PATHS = NO;
				CLANG_ANALYZER_NONNULL = YES;
				CLANG_ANALYZER_NUMBER_OBJECT_CONVERSION = YES_AGGRESSIVE;
				CLANG_CXX_LANGUAGE_STANDARD = "gnu++20";
				CLANG_ENABLE_MODULES = YES;
				CLANG_ENABLE_OBJC_ARC = YES;
				CLANG_ENABLE_OBJC_WEAK = YES;
				CLANG_WARN_BLOCK_CAPTURE_AUTORELEASING = YES;
				CLANG_WARN_BOOL_CONVERSION = YES;
				CLANG_WARN_COMMA = YES;
				CLANG_WARN_CONSTANT_CONVERSION = YES;
				CLANG_WARN_DEPRECATED_OBJC_IMPLEMENTATIONS = YES;
				CLANG_WARN_DIRECT_OBJC_ISA_USAGE = YES_ERROR;
				CLANG_WARN_DOCUMENTATION_COMMENTS = YES;
				CLANG_WARN_EMPTY_BODY = YES;
				CLANG_WARN_ENUM_CONVERSION = YES;
				CLANG_WARN_INFINITE_RECURSION = YES;
				CLANG_WARN_INT_CONVERSION = YES;
				CLANG_WARN_NON_LITERAL_NULL_CONVERSION = YES;
				CLANG_WARN_OBJC_IMPLICIT_RETAIN_SELF = YES;
				CLANG_WARN_OBJC_LITERAL_CONVERSION = YES;
				CLANG_WARN_OBJC_ROOT_CLASS = YES_ERROR;
				CLANG_WARN_QUOTED_INCLUDE_IN_FRAMEWORK_HEADER = YES;
				CLANG_WARN_RANGE_LOOP_ANALYSIS = YES;
				CLANG_WARN_STRICT_PROTOTYPES = YES;
				CLANG_WARN_SUSPICIOUS_MOVE = YES;
				CLANG_WARN_UNGUARDED_AVAILABILITY = YES_AGGRESSIVE;
				CLANG_WARN_UNREACHABLE_CODE = YES;
				CLANG_WARN__DUPLICATE_METHOD_MATCH = YES;
				COPY_PHASE_STRIP = NO;
				DEBUG_INFORMATION_FORMAT = dwarf;
				ENABLE_STRICT_OBJC_MSGSEND = YES;
				ENABLE_TESTABILITY = YES;
				GCC_C_LANGUAGE_STANDARD = gnu11;
				GCC_DYNAMIC_NO_PIC = NO;
				GCC_NO_COMMON_BLOCKS = YES;
				GCC_OPTIMIZATION_LEVEL = 0;
				GCC_PREPROCESSOR_DEFINITIONS = (
					"DEBUG=1",
					"$(inherited)",
				);
				GCC_WARN_64_TO_32_BIT_CONVERSION = YES;
				GCC_WARN_ABOUT_RETURN_TYPE = YES_ERROR;
				GCC_WARN_UNDECLARED_SELECTOR = YES;
				GCC_WARN_UNINITIALIZED_AUTOS = YES_AGGRESSIVE;
				GCC_WARN_UNUSED_FUNCTION = YES;
				GCC_WARN_UNUSED_VARIABLE = YES;
				IPHONEOS_DEPLOYMENT_TARGET = 16.4;
				MTL_ENABLE_DEBUG_INFO = INCLUDE_SOURCE;
				MTL_FAST_MATH = YES;
				ONLY_ACTIVE_ARCH = YES;
				SDKROOT = iphoneos;
				SWIFT_ACTIVE_COMPILATION_CONDITIONS = DEBUG;
				SWIFT_OPTIMIZATION_LEVEL = "-Onone";
			};
			name = Debug;
		};
		D5223B412A74F88A00BF82E0 /* Release */ = {
			isa = XCBuildConfiguration;
			buildSettings = {
				ALWAYS_SEARCH_USER_PATHS = NO;
				CLANG_ANALYZER_NONNULL = YES;
				CLANG_ANALYZER_NUMBER_OBJECT_CONVERSION = YES_AGGRESSIVE;
				CLANG_CXX_LANGUAGE_STANDARD = "gnu++20";
				CLANG_ENABLE_MODULES = YES;
				CLANG_ENABLE_OBJC_ARC = YES;
				CLANG_ENABLE_OBJC_WEAK = YES;
				CLANG_WARN_BLOCK_CAPTURE_AUTORELEASING = YES;
				CLANG_WARN_BOOL_CONVERSION = YES;
				CLANG_WARN_COMMA = YES;
				CLANG_WARN_CONSTANT_CONVERSION = YES;
				CLANG_WARN_DEPRECATED_OBJC_IMPLEMENTATIONS = YES;
				CLANG_WARN_DIRECT_OBJC_ISA_USAGE = YES_ERROR;
				CLANG_WARN_DOCUMENTATION_COMMENTS = YES;
				CLANG_WARN_EMPTY_BODY = YES;
				CLANG_WARN_ENUM_CONVERSION = YES;
				CLANG_WARN_INFINITE_RECURSION = YES;
				CLANG_WARN_INT_CONVERSION = YES;
				CLANG_WARN_NON_LITERAL_NULL_CONVERSION = YES;
				CLANG_WARN_OBJC_IMPLICIT_RETAIN_SELF = YES;
				CLANG_WARN_OBJC_LITERAL_CONVERSION = YES;
				CLANG_WARN_OBJC_ROOT_CLASS = YES_ERROR;
				CLANG_WARN_QUOTED_INCLUDE_IN_FRAMEWORK_HEADER = YES;
				CLANG_WARN_RANGE_LOOP_ANALYSIS = YES;
				CLANG_WARN_STRICT_PROTOTYPES = YES;
				CLANG_WARN_SUSPICIOUS_MOVE = YES;
				CLANG_WARN_UNGUARDED_AVAILABILITY = YES_AGGRESSIVE;
				CLANG_WARN_UNREACHABLE_CODE = YES;
				CLANG_WARN__DUPLICATE_METHOD_MATCH = YES;
				COPY_PHASE_STRIP = NO;
				DEBUG_INFORMATION_FORMAT = "dwarf-with-dsym";
				ENABLE_NS_ASSERTIONS = NO;
				ENABLE_STRICT_OBJC_MSGSEND = YES;
				GCC_C_LANGUAGE_STANDARD = gnu11;
				GCC_NO_COMMON_BLOCKS = YES;
				GCC_WARN_64_TO_32_BIT_CONVERSION = YES;
				GCC_WARN_ABOUT_RETURN_TYPE = YES_ERROR;
				GCC_WARN_UNDECLARED_SELECTOR = YES;
				GCC_WARN_UNINITIALIZED_AUTOS = YES_AGGRESSIVE;
				GCC_WARN_UNUSED_FUNCTION = YES;
				GCC_WARN_UNUSED_VARIABLE = YES;
				IPHONEOS_DEPLOYMENT_TARGET = 16.4;
				MTL_ENABLE_DEBUG_INFO = NO;
				MTL_FAST_MATH = YES;
				SDKROOT = iphoneos;
				SWIFT_COMPILATION_MODE = wholemodule;
				SWIFT_OPTIMIZATION_LEVEL = "-O";
				VALIDATE_PRODUCT = YES;
			};
			name = Release;
		};
		D5223B432A74F88A00BF82E0 /* Debug */ = {
			isa = XCBuildConfiguration;
			buildSettings = {
				ASSETCATALOG_COMPILER_APPICON_NAME = AppIcon;
				ASSETCATALOG_COMPILER_GLOBAL_ACCENT_COLOR_NAME = AccentColor;
				CODE_SIGN_STYLE = Automatic;
				CURRENT_PROJECT_VERSION = 1;
				DEVELOPMENT_ASSET_PATHS = "\"Scrumdinger/Preview Content\"";
				DEVELOPMENT_TEAM = VT76HWWZKL;
				ENABLE_PREVIEWS = YES;
				GENERATE_INFOPLIST_FILE = YES;
				INFOPLIST_KEY_UIApplicationSceneManifest_Generation = YES;
				INFOPLIST_KEY_UIApplicationSupportsIndirectInputEvents = YES;
				INFOPLIST_KEY_UILaunchScreen_Generation = YES;
				INFOPLIST_KEY_UISupportedInterfaceOrientations_iPad = "UIInterfaceOrientationPortrait UIInterfaceOrientationPortraitUpsideDown UIInterfaceOrientationLandscapeLeft UIInterfaceOrientationLandscapeRight";
				INFOPLIST_KEY_UISupportedInterfaceOrientations_iPhone = "UIInterfaceOrientationPortrait UIInterfaceOrientationLandscapeLeft UIInterfaceOrientationLandscapeRight";
				LD_RUNPATH_SEARCH_PATHS = (
					"$(inherited)",
					"@executable_path/Frameworks",
				);
				MARKETING_VERSION = 1.0;
				PRODUCT_BUNDLE_IDENTIFIER = G.Scrumdinger;
				PRODUCT_NAME = "$(TARGET_NAME)";
				SWIFT_EMIT_LOC_STRINGS = YES;
				SWIFT_VERSION = 5.0;
				TARGETED_DEVICE_FAMILY = "1,2";
			};
			name = Debug;
		};
		D5223B442A74F88A00BF82E0 /* Release */ = {
			isa = XCBuildConfiguration;
			buildSettings = {
				ASSETCATALOG_COMPILER_APPICON_NAME = AppIcon;
				ASSETCATALOG_COMPILER_GLOBAL_ACCENT_COLOR_NAME = AccentColor;
				CODE_SIGN_STYLE = Automatic;
				CURRENT_PROJECT_VERSION = 1;
				DEVELOPMENT_ASSET_PATHS = "\"Scrumdinger/Preview Content\"";
				DEVELOPMENT_TEAM = VT76HWWZKL;
				ENABLE_PREVIEWS = YES;
				GENERATE_INFOPLIST_FILE = YES;
				INFOPLIST_KEY_UIApplicationSceneManifest_Generation = YES;
				INFOPLIST_KEY_UIApplicationSupportsIndirectInputEvents = YES;
				INFOPLIST_KEY_UILaunchScreen_Generation = YES;
				INFOPLIST_KEY_UISupportedInterfaceOrientations_iPad = "UIInterfaceOrientationPortrait UIInterfaceOrientationPortraitUpsideDown UIInterfaceOrientationLandscapeLeft UIInterfaceOrientationLandscapeRight";
				INFOPLIST_KEY_UISupportedInterfaceOrientations_iPhone = "UIInterfaceOrientationPortrait UIInterfaceOrientationLandscapeLeft UIInterfaceOrientationLandscapeRight";
				LD_RUNPATH_SEARCH_PATHS = (
					"$(inherited)",
					"@executable_path/Frameworks",
				);
				MARKETING_VERSION = 1.0;
				PRODUCT_BUNDLE_IDENTIFIER = G.Scrumdinger;
				PRODUCT_NAME = "$(TARGET_NAME)";
				SWIFT_EMIT_LOC_STRINGS = YES;
				SWIFT_VERSION = 5.0;
				TARGETED_DEVICE_FAMILY = "1,2";
			};
			name = Release;
		};
/* End XCBuildConfiguration section */

/* Begin XCConfigurationList section */
		D5223B2F2A74F88800BF82E0 /* Build configuration list for PBXProject "Scrumdinger" */ = {
			isa = XCConfigurationList;
			buildConfigurations = (
				D5223B402A74F88A00BF82E0 /* Debug */,
				D5223B412A74F88A00BF82E0 /* Release */,
			);
			defaultConfigurationIsVisible = 0;
			defaultConfigurationName = Release;
		};
		D5223B422A74F88A00BF82E0 /* Build configuration list for PBXNativeTarget "Scrumdinger" */ = {
			isa = XCConfigurationList;
			buildConfigurations = (
				D5223B432A74F88A00BF82E0 /* Debug */,
				D5223B442A74F88A00BF82E0 /* Release */,
			);
			defaultConfigurationIsVisible = 0;
			defaultConfigurationName = Release;
		};
/* End XCConfigurationList section */
	};
	rootObject = D5223B2C2A74F88800BF82E0 /* Project object */;
}
