// !$*UTF8*$!
{
	archiveVersion = 1;
	classes = {
	};
	objectVersion = 56;
	objects = {

/* Begin PBXBuildFile section */
		D593F15F29B353E300FDC9DB /* DetailEditView.swift in Sources */ = {isa = PBXBuildFile; fileRef = D593F15E29B353E300FDC9DB /* DetailEditView.swift */; };
		D593F16129B4B16A00FDC9DB /* ThemeView.swift in Sources */ = {isa = PBXBuildFile; fileRef = D593F16029B4B16A00FDC9DB /* ThemeView.swift */; };
		D593F16329B4C39800FDC9DB /* ThemePicker.swift in Sources */ = {isa = PBXBuildFile; fileRef = D593F16229B4C39800FDC9DB /* ThemePicker.swift */; };
		D59ADAE329B197A600DC9827 /* ScrumdingerApp.swift in Sources */ = {isa = PBXBuildFile; fileRef = D59ADAE229B197A600DC9827 /* ScrumdingerApp.swift */; };
		D59ADAE529B197A600DC9827 /* MeetingView.swift in Sources */ = {isa = PBXBuildFile; fileRef = D59ADAE429B197A600DC9827 /* MeetingView.swift */; };
		D59ADAE729B197A900DC9827 /* Assets.xcassets in Resources */ = {isa = PBXBuildFile; fileRef = D59ADAE629B197A900DC9827 /* Assets.xcassets */; };
		D59ADAEA29B197A900DC9827 /* Preview Assets.xcassets in Resources */ = {isa = PBXBuildFile; fileRef = D59ADAE929B197A900DC9827 /* Preview Assets.xcassets */; };
		D59ADAF229B19F0600DC9827 /* Theme.swift in Sources */ = {isa = PBXBuildFile; fileRef = D59ADAF129B19F0600DC9827 /* Theme.swift */; };
		D59ADAF429B1A35F00DC9827 /* DailyScrum.swift in Sources */ = {isa = PBXBuildFile; fileRef = D59ADAF329B1A35F00DC9827 /* DailyScrum.swift */; };
		D59ADAF729B1A59900DC9827 /* CardView.swift in Sources */ = {isa = PBXBuildFile; fileRef = D59ADAF629B1A59900DC9827 /* CardView.swift */; };
		D59ADAF929B1AB0400DC9827 /* TrailingIconLabelStyle.swift in Sources */ = {isa = PBXBuildFile; fileRef = D59ADAF829B1AB0400DC9827 /* TrailingIconLabelStyle.swift */; };
		D59ADAFB29B1AEC100DC9827 /* ScrumsView.swift in Sources */ = {isa = PBXBuildFile; fileRef = D59ADAFA29B1AEC100DC9827 /* ScrumsView.swift */; };
		D59ADAFD29B1CB2F00DC9827 /* DetailView.swift in Sources */ = {isa = PBXBuildFile; fileRef = D59ADAFC29B1CB2F00DC9827 /* DetailView.swift */; };
		D5A89B3529B6E1BE00FEBC47 /* MeetingHeaderView.swift in Sources */ = {isa = PBXBuildFile; fileRef = D5A89B3429B6E1BE00FEBC47 /* MeetingHeaderView.swift */; };
		D5A89B3729B6E56B00FEBC47 /* ScrumProgressViewStyle.swift in Sources */ = {isa = PBXBuildFile; fileRef = D5A89B3629B6E56B00FEBC47 /* ScrumProgressViewStyle.swift */; };
		D5A89B3929B6E8C200FEBC47 /* ScrumTimer.swift in Sources */ = {isa = PBXBuildFile; fileRef = D5A89B3829B6E8C200FEBC47 /* ScrumTimer.swift */; };
/* End PBXBuildFile section */

/* Begin PBXFileReference section */
		D593F15E29B353E300FDC9DB /* DetailEditView.swift */ = {isa = PBXFileReference; lastKnownFileType = sourcecode.swift; path = DetailEditView.swift; sourceTree = "<group>"; };
		D593F16029B4B16A00FDC9DB /* ThemeView.swift */ = {isa = PBXFileReference; lastKnownFileType = sourcecode.swift; path = ThemeView.swift; sourceTree = "<group>"; };
		D593F16229B4C39800FDC9DB /* ThemePicker.swift */ = {isa = PBXFileReference; lastKnownFileType = sourcecode.swift; path = ThemePicker.swift; sourceTree = "<group>"; };
		D59ADADF29B197A600DC9827 /* Scrumdinger.app */ = {isa = PBXFileReference; explicitFileType = wrapper.application; includeInIndex = 0; path = Scrumdinger.app; sourceTree = BUILT_PRODUCTS_DIR; };
		D59ADAE229B197A600DC9827 /* ScrumdingerApp.swift */ = {isa = PBXFileReference; lastKnownFileType = sourcecode.swift; path = ScrumdingerApp.swift; sourceTree = "<group>"; };
		D59ADAE429B197A600DC9827 /* MeetingView.swift */ = {isa = PBXFileReference; lastKnownFileType = sourcecode.swift; path = MeetingView.swift; sourceTree = "<group>"; };
		D59ADAE629B197A900DC9827 /* Assets.xcassets */ = {isa = PBXFileReference; lastKnownFileType = folder.assetcatalog; path = Assets.xcassets; sourceTree = "<group>"; };
		D59ADAE929B197A900DC9827 /* Preview Assets.xcassets */ = {isa = PBXFileReference; lastKnownFileType = folder.assetcatalog; path = "Preview Assets.xcassets"; sourceTree = "<group>"; };
		D59ADAF129B19F0600DC9827 /* Theme.swift */ = {isa = PBXFileReference; lastKnownFileType = sourcecode.swift; path = Theme.swift; sourceTree = "<group>"; };
		D59ADAF329B1A35F00DC9827 /* DailyScrum.swift */ = {isa = PBXFileReference; lastKnownFileType = sourcecode.swift; path = DailyScrum.swift; sourceTree = "<group>"; };
		D59ADAF629B1A59900DC9827 /* CardView.swift */ = {isa = PBXFileReference; lastKnownFileType = sourcecode.swift; path = CardView.swift; sourceTree = "<group>"; };
		D59ADAF829B1AB0400DC9827 /* TrailingIconLabelStyle.swift */ = {isa = PBXFileReference; lastKnownFileType = sourcecode.swift; path = TrailingIconLabelStyle.swift; sourceTree = "<group>"; };
		D59ADAFA29B1AEC100DC9827 /* ScrumsView.swift */ = {isa = PBXFileReference; lastKnownFileType = sourcecode.swift; path = ScrumsView.swift; sourceTree = "<group>"; };
		D59ADAFC29B1CB2F00DC9827 /* DetailView.swift */ = {isa = PBXFileReference; lastKnownFileType = sourcecode.swift; path = DetailView.swift; sourceTree = "<group>"; };
		D5A89B3429B6E1BE00FEBC47 /* MeetingHeaderView.swift */ = {isa = PBXFileReference; lastKnownFileType = sourcecode.swift; path = MeetingHeaderView.swift; sourceTree = "<group>"; };
		D5A89B3629B6E56B00FEBC47 /* ScrumProgressViewStyle.swift */ = {isa = PBXFileReference; lastKnownFileType = sourcecode.swift; path = ScrumProgressViewStyle.swift; sourceTree = "<group>"; };
		D5A89B3829B6E8C200FEBC47 /* ScrumTimer.swift */ = {isa = PBXFileReference; lastKnownFileType = sourcecode.swift; path = ScrumTimer.swift; sourceTree = "<group>"; };
/* End PBXFileReference section */

/* Begin PBXFrameworksBuildPhase section */
		D59ADADC29B197A600DC9827 /* Frameworks */ = {
			isa = PBXFrameworksBuildPhase;
			buildActionMask = 2147483647;
			files = (
			);
			runOnlyForDeploymentPostprocessing = 0;
		};
/* End PBXFrameworksBuildPhase section */

/* Begin PBXGroup section */
		D593F15D29B34EB700FDC9DB /* Source files */ = {
			isa = PBXGroup;
			children = (
				D59ADAE229B197A600DC9827 /* ScrumdingerApp.swift */,
				D59ADAE629B197A900DC9827 /* Assets.xcassets */,
			);
			path = "Source files";
			sourceTree = "<group>";
		};
		D59ADAD629B197A600DC9827 = {
			isa = PBXGroup;
			children = (
				D59ADAE129B197A600DC9827 /* Scrumdinger */,
				D59ADAE029B197A600DC9827 /* Products */,
			);
			sourceTree = "<group>";
		};
		D59ADAE029B197A600DC9827 /* Products */ = {
			isa = PBXGroup;
			children = (
				D59ADADF29B197A600DC9827 /* Scrumdinger.app */,
			);
			name = Products;
			sourceTree = "<group>";
		};
		D59ADAE129B197A600DC9827 /* Scrumdinger */ = {
			isa = PBXGroup;
			children = (
				D59ADAF029B19EEE00DC9827 /* Models */,
				D59ADAF529B1A57800DC9827 /* Views */,
				D593F15D29B34EB700FDC9DB /* Source files */,
				D59ADAE829B197A900DC9827 /* Preview Content */,
			);
			path = Scrumdinger;
			sourceTree = "<group>";
		};
		D59ADAE829B197A900DC9827 /* Preview Content */ = {
			isa = PBXGroup;
			children = (
				D59ADAE929B197A900DC9827 /* Preview Assets.xcassets */,
			);
			path = "Preview Content";
			sourceTree = "<group>";
		};
		D59ADAF029B19EEE00DC9827 /* Models */ = {
			isa = PBXGroup;
			children = (
				D59ADAF129B19F0600DC9827 /* Theme.swift */,
				D59ADAF329B1A35F00DC9827 /* DailyScrum.swift */,
				D5A89B3829B6E8C200FEBC47 /* ScrumTimer.swift */,
			);
			path = Models;
			sourceTree = "<group>";
		};
		D59ADAF529B1A57800DC9827 /* Views */ = {
			isa = PBXGroup;
			children = (
				D59ADAFA29B1AEC100DC9827 /* ScrumsView.swift */,
				D59ADAF629B1A59900DC9827 /* CardView.swift */,
				D59ADAE429B197A600DC9827 /* MeetingView.swift */,
				D5A89B3429B6E1BE00FEBC47 /* MeetingHeaderView.swift */,
				D5A89B3629B6E56B00FEBC47 /* ScrumProgressViewStyle.swift */,
				D59ADAFC29B1CB2F00DC9827 /* DetailView.swift */,
				D593F15E29B353E300FDC9DB /* DetailEditView.swift */,
				D593F16029B4B16A00FDC9DB /* ThemeView.swift */,
				D593F16229B4C39800FDC9DB /* ThemePicker.swift */,
				D59ADAF829B1AB0400DC9827 /* TrailingIconLabelStyle.swift */,
			);
			path = Views;
			sourceTree = "<group>";
		};
/* End PBXGroup section */

/* Begin PBXNativeTarget section */
		D59ADADE29B197A600DC9827 /* Scrumdinger */ = {
			isa = PBXNativeTarget;
			buildConfigurationList = D59ADAED29B197A900DC9827 /* Build configuration list for PBXNativeTarget "Scrumdinger" */;
			buildPhases = (
				D59ADADB29B197A600DC9827 /* Sources */,
				D59ADADC29B197A600DC9827 /* Frameworks */,
				D59ADADD29B197A600DC9827 /* Resources */,
			);
			buildRules = (
			);
			dependencies = (
			);
			name = Scrumdinger;
			productName = Scrumdinger;
			productReference = D59ADADF29B197A600DC9827 /* Scrumdinger.app */;
			productType = "com.apple.product-type.application";
		};
/* End PBXNativeTarget section */

/* Begin PBXProject section */
		D59ADAD729B197A600DC9827 /* Project object */ = {
			isa = PBXProject;
			attributes = {
				BuildIndependentTargetsInParallel = 1;
				LastSwiftUpdateCheck = 1420;
				LastUpgradeCheck = 1420;
				TargetAttributes = {
					D59ADADE29B197A600DC9827 = {
						CreatedOnToolsVersion = 14.2;
					};
				};
			};
			buildConfigurationList = D59ADADA29B197A600DC9827 /* Build configuration list for PBXProject "Scrumdinger" */;
			compatibilityVersion = "Xcode 14.0";
			developmentRegion = en;
			hasScannedForEncodings = 0;
			knownRegions = (
				en,
				Base,
			);
			mainGroup = D59ADAD629B197A600DC9827;
			productRefGroup = D59ADAE029B197A600DC9827 /* Products */;
			projectDirPath = "";
			projectRoot = "";
			targets = (
				D59ADADE29B197A600DC9827 /* Scrumdinger */,
			);
		};
/* End PBXProject section */

/* Begin PBXResourcesBuildPhase section */
		D59ADADD29B197A600DC9827 /* Resources */ = {
			isa = PBXResourcesBuildPhase;
			buildActionMask = 2147483647;
			files = (
				D59ADAEA29B197A900DC9827 /* Preview Assets.xcassets in Resources */,
				D59ADAE729B197A900DC9827 /* Assets.xcassets in Resources */,
			);
			runOnlyForDeploymentPostprocessing = 0;
		};
/* End PBXResourcesBuildPhase section */

/* Begin PBXSourcesBuildPhase section */
		D59ADADB29B197A600DC9827 /* Sources */ = {
			isa = PBXSourcesBuildPhase;
			buildActionMask = 2147483647;
			files = (
				D593F16329B4C39800FDC9DB /* ThemePicker.swift in Sources */,
				D5A89B3729B6E56B00FEBC47 /* ScrumProgressViewStyle.swift in Sources */,
				D5A89B3929B6E8C200FEBC47 /* ScrumTimer.swift in Sources */,
				D59ADAF429B1A35F00DC9827 /* DailyScrum.swift in Sources */,
				D59ADAFD29B1CB2F00DC9827 /* DetailView.swift in Sources */,
				D5A89B3529B6E1BE00FEBC47 /* MeetingHeaderView.swift in Sources */,
				D593F15F29B353E300FDC9DB /* DetailEditView.swift in Sources */,
				D59ADAF929B1AB0400DC9827 /* TrailingIconLabelStyle.swift in Sources */,
				D59ADAF229B19F0600DC9827 /* Theme.swift in Sources */,
				D59ADAFB29B1AEC100DC9827 /* ScrumsView.swift in Sources */,
				D59ADAE529B197A600DC9827 /* MeetingView.swift in Sources */,
				D59ADAE329B197A600DC9827 /* ScrumdingerApp.swift in Sources */,
				D593F16129B4B16A00FDC9DB /* ThemeView.swift in Sources */,
				D59ADAF729B1A59900DC9827 /* CardView.swift in Sources */,
			);
			runOnlyForDeploymentPostprocessing = 0;
		};
/* End PBXSourcesBuildPhase section */

/* Begin XCBuildConfiguration section */
		D59ADAEB29B197A900DC9827 /* Debug */ = {
			isa = XCBuildConfiguration;
			buildSettings = {
				ALWAYS_SEARCH_USER_PATHS = NO;
				CLANG_ANALYZER_NONNULL = YES;
				CLANG_ANALYZER_NUMBER_OBJECT_CONVERSION = YES_AGGRESSIVE;
				CLANG_CXX_LANGUAGE_STANDARD = "gnu++20";
				CLANG_ENABLE_MODULES = YES;
				CLANG_ENABLE_OBJC_ARC = YES;
				CLANG_ENABLE_OBJC_WEAK = YES;
				CLANG_WARN_BLOCK_CAPTURE_AUTORELEASING = YES;
				CLANG_WARN_BOOL_CONVERSION = YES;
				CLANG_WARN_COMMA = YES;
				CLANG_WARN_CONSTANT_CONVERSION = YES;
				CLANG_WARN_DEPRECATED_OBJC_IMPLEMENTATIONS = YES;
				CLANG_WARN_DIRECT_OBJC_ISA_USAGE = YES_ERROR;
				CLANG_WARN_DOCUMENTATION_COMMENTS = YES;
				CLANG_WARN_EMPTY_BODY = YES;
				CLANG_WARN_ENUM_CONVERSION = YES;
				CLANG_WARN_INFINITE_RECURSION = YES;
				CLANG_WARN_INT_CONVERSION = YES;
				CLANG_WARN_NON_LITERAL_NULL_CONVERSION = YES;
				CLANG_WARN_OBJC_IMPLICIT_RETAIN_SELF = YES;
				CLANG_WARN_OBJC_LITERAL_CONVERSION = YES;
				CLANG_WARN_OBJC_ROOT_CLASS = YES_ERROR;
				CLANG_WARN_QUOTED_INCLUDE_IN_FRAMEWORK_HEADER = YES;
				CLANG_WARN_RANGE_LOOP_ANALYSIS = YES;
				CLANG_WARN_STRICT_PROTOTYPES = YES;
				CLANG_WARN_SUSPICIOUS_MOVE = YES;
				CLANG_WARN_UNGUARDED_AVAILABILITY = YES_AGGRESSIVE;
				CLANG_WARN_UNREACHABLE_CODE = YES;
				CLANG_WARN__DUPLICATE_METHOD_MATCH = YES;
				COPY_PHASE_STRIP = NO;
				DEBUG_INFORMATION_FORMAT = dwarf;
				ENABLE_STRICT_OBJC_MSGSEND = YES;
				ENABLE_TESTABILITY = YES;
				GCC_C_LANGUAGE_STANDARD = gnu11;
				GCC_DYNAMIC_NO_PIC = NO;
				GCC_NO_COMMON_BLOCKS = YES;
				GCC_OPTIMIZATION_LEVEL = 0;
				GCC_PREPROCESSOR_DEFINITIONS = (
					"DEBUG=1",
					"$(inherited)",
				);
				GCC_WARN_64_TO_32_BIT_CONVERSION = YES;
				GCC_WARN_ABOUT_RETURN_TYPE = YES_ERROR;
				GCC_WARN_UNDECLARED_SELECTOR = YES;
				GCC_WARN_UNINITIALIZED_AUTOS = YES_AGGRESSIVE;
				GCC_WARN_UNUSED_FUNCTION = YES;
				GCC_WARN_UNUSED_VARIABLE = YES;
				IPHONEOS_DEPLOYMENT_TARGET = 16.2;
				MTL_ENABLE_DEBUG_INFO = INCLUDE_SOURCE;
				MTL_FAST_MATH = YES;
				ONLY_ACTIVE_ARCH = YES;
				SDKROOT = iphoneos;
				SWIFT_ACTIVE_COMPILATION_CONDITIONS = DEBUG;
				SWIFT_OPTIMIZATION_LEVEL = "-Onone";
			};
			name = Debug;
		};
		D59ADAEC29B197A900DC9827 /* Release */ = {
			isa = XCBuildConfiguration;
			buildSettings = {
				ALWAYS_SEARCH_USER_PATHS = NO;
				CLANG_ANALYZER_NONNULL = YES;
				CLANG_ANALYZER_NUMBER_OBJECT_CONVERSION = YES_AGGRESSIVE;
				CLANG_CXX_LANGUAGE_STANDARD = "gnu++20";
				CLANG_ENABLE_MODULES = YES;
				CLANG_ENABLE_OBJC_ARC = YES;
				CLANG_ENABLE_OBJC_WEAK = YES;
				CLANG_WARN_BLOCK_CAPTURE_AUTORELEASING = YES;
				CLANG_WARN_BOOL_CONVERSION = YES;
				CLANG_WARN_COMMA = YES;
				CLANG_WARN_CONSTANT_CONVERSION = YES;
				CLANG_WARN_DEPRECATED_OBJC_IMPLEMENTATIONS = YES;
				CLANG_WARN_DIRECT_OBJC_ISA_USAGE = YES_ERROR;
				CLANG_WARN_DOCUMENTATION_COMMENTS = YES;
				CLANG_WARN_EMPTY_BODY = YES;
				CLANG_WARN_ENUM_CONVERSION = YES;
				CLANG_WARN_INFINITE_RECURSION = YES;
				CLANG_WARN_INT_CONVERSION = YES;
				CLANG_WARN_NON_LITERAL_NULL_CONVERSION = YES;
				CLANG_WARN_OBJC_IMPLICIT_RETAIN_SELF = YES;
				CLANG_WARN_OBJC_LITERAL_CONVERSION = YES;
				CLANG_WARN_OBJC_ROOT_CLASS = YES_ERROR;
				CLANG_WARN_QUOTED_INCLUDE_IN_FRAMEWORK_HEADER = YES;
				CLANG_WARN_RANGE_LOOP_ANALYSIS = YES;
				CLANG_WARN_STRICT_PROTOTYPES = YES;
				CLANG_WARN_SUSPICIOUS_MOVE = YES;
				CLANG_WARN_UNGUARDED_AVAILABILITY = YES_AGGRESSIVE;
				CLANG_WARN_UNREACHABLE_CODE = YES;
				CLANG_WARN__DUPLICATE_METHOD_MATCH = YES;
				COPY_PHASE_STRIP = NO;
				DEBUG_INFORMATION_FORMAT = "dwarf-with-dsym";
				ENABLE_NS_ASSERTIONS = NO;
				ENABLE_STRICT_OBJC_MSGSEND = YES;
				GCC_C_LANGUAGE_STANDARD = gnu11;
				GCC_NO_COMMON_BLOCKS = YES;
				GCC_WARN_64_TO_32_BIT_CONVERSION = YES;
				GCC_WARN_ABOUT_RETURN_TYPE = YES_ERROR;
				GCC_WARN_UNDECLARED_SELECTOR = YES;
				GCC_WARN_UNINITIALIZED_AUTOS = YES_AGGRESSIVE;
				GCC_WARN_UNUSED_FUNCTION = YES;
				GCC_WARN_UNUSED_VARIABLE = YES;
				IPHONEOS_DEPLOYMENT_TARGET = 16.2;
				MTL_ENABLE_DEBUG_INFO = NO;
				MTL_FAST_MATH = YES;
				SDKROOT = iphoneos;
				SWIFT_COMPILATION_MODE = wholemodule;
				SWIFT_OPTIMIZATION_LEVEL = "-O";
				VALIDATE_PRODUCT = YES;
			};
			name = Release;
		};
		D59ADAEE29B197A900DC9827 /* Debug */ = {
			isa = XCBuildConfiguration;
			buildSettings = {
				ASSETCATALOG_COMPILER_APPICON_NAME = AppIcon;
				ASSETCATALOG_COMPILER_GLOBAL_ACCENT_COLOR_NAME = AccentColor;
				CODE_SIGN_STYLE = Automatic;
				CURRENT_PROJECT_VERSION = 1;
				DEVELOPMENT_ASSET_PATHS = "\"Scrumdinger/Preview Content\"";
				DEVELOPMENT_TEAM = VT76HWWZKL;
				ENABLE_PREVIEWS = YES;
				GENERATE_INFOPLIST_FILE = YES;
				INFOPLIST_KEY_UIApplicationSceneManifest_Generation = YES;
				INFOPLIST_KEY_UIApplicationSupportsIndirectInputEvents = YES;
				INFOPLIST_KEY_UILaunchScreen_Generation = YES;
				INFOPLIST_KEY_UISupportedInterfaceOrientations_iPad = "UIInterfaceOrientationPortrait UIInterfaceOrientationPortraitUpsideDown UIInterfaceOrientationLandscapeLeft UIInterfaceOrientationLandscapeRight";
				INFOPLIST_KEY_UISupportedInterfaceOrientations_iPhone = "UIInterfaceOrientationPortrait UIInterfaceOrientationLandscapeLeft UIInterfaceOrientationLandscapeRight";
				LD_RUNPATH_SEARCH_PATHS = (
					"$(inherited)",
					"@executable_path/Frameworks",
				);
				MARKETING_VERSION = 1.0;
				PRODUCT_BUNDLE_IDENTIFIER = Galywood.Scrumdinger;
				PRODUCT_NAME = "$(TARGET_NAME)";
				SWIFT_EMIT_LOC_STRINGS = YES;
				SWIFT_VERSION = 5.0;
				TARGETED_DEVICE_FAMILY = "1,2";
			};
			name = Debug;
		};
		D59ADAEF29B197A900DC9827 /* Release */ = {
			isa = XCBuildConfiguration;
			buildSettings = {
				ASSETCATALOG_COMPILER_APPICON_NAME = AppIcon;
				ASSETCATALOG_COMPILER_GLOBAL_ACCENT_COLOR_NAME = AccentColor;
				CODE_SIGN_STYLE = Automatic;
				CURRENT_PROJECT_VERSION = 1;
				DEVELOPMENT_ASSET_PATHS = "\"Scrumdinger/Preview Content\"";
				DEVELOPMENT_TEAM = VT76HWWZKL;
				ENABLE_PREVIEWS = YES;
				GENERATE_INFOPLIST_FILE = YES;
				INFOPLIST_KEY_UIApplicationSceneManifest_Generation = YES;
				INFOPLIST_KEY_UIApplicationSupportsIndirectInputEvents = YES;
				INFOPLIST_KEY_UILaunchScreen_Generation = YES;
				INFOPLIST_KEY_UISupportedInterfaceOrientations_iPad = "UIInterfaceOrientationPortrait UIInterfaceOrientationPortraitUpsideDown UIInterfaceOrientationLandscapeLeft UIInterfaceOrientationLandscapeRight";
				INFOPLIST_KEY_UISupportedInterfaceOrientations_iPhone = "UIInterfaceOrientationPortrait UIInterfaceOrientationLandscapeLeft UIInterfaceOrientationLandscapeRight";
				LD_RUNPATH_SEARCH_PATHS = (
					"$(inherited)",
					"@executable_path/Frameworks",
				);
				MARKETING_VERSION = 1.0;
				PRODUCT_BUNDLE_IDENTIFIER = Galywood.Scrumdinger;
				PRODUCT_NAME = "$(TARGET_NAME)";
				SWIFT_EMIT_LOC_STRINGS = YES;
				SWIFT_VERSION = 5.0;
				TARGETED_DEVICE_FAMILY = "1,2";
			};
			name = Release;
		};
/* End XCBuildConfiguration section */

/* Begin XCConfigurationList section */
		D59ADADA29B197A600DC9827 /* Build configuration list for PBXProject "Scrumdinger" */ = {
			isa = XCConfigurationList;
			buildConfigurations = (
				D59ADAEB29B197A900DC9827 /* Debug */,
				D59ADAEC29B197A900DC9827 /* Release */,
			);
			defaultConfigurationIsVisible = 0;
			defaultConfigurationName = Release;
		};
		D59ADAED29B197A900DC9827 /* Build configuration list for PBXNativeTarget "Scrumdinger" */ = {
			isa = XCConfigurationList;
			buildConfigurations = (
				D59ADAEE29B197A900DC9827 /* Debug */,
				D59ADAEF29B197A900DC9827 /* Release */,
			);
			defaultConfigurationIsVisible = 0;
			defaultConfigurationName = Release;
		};
/* End XCConfigurationList section */
	};
	rootObject = D59ADAD729B197A600DC9827 /* Project object */;
}
